// !$*UTF8*$!
{
	archiveVersion = 1;
	classes = {
	};
	objectVersion = 55;
	objects = {

/* Begin PBXBuildFile section */
		853E2FC9287E6CF2009B37F7 /* UtilityExtensions.swift in Sources */ = {isa = PBXBuildFile; fileRef = 853E2FC8287E6CF2009B37F7 /* UtilityExtensions.swift */; };
		85AC4438286975CD00AEBCD1 /* DiceRollApp.swift in Sources */ = {isa = PBXBuildFile; fileRef = 85AC4437286975CD00AEBCD1 /* DiceRollApp.swift */; };
		85AC443A286975CD00AEBCD1 /* ContentView.swift in Sources */ = {isa = PBXBuildFile; fileRef = 85AC4439286975CD00AEBCD1 /* ContentView.swift */; };
		85AC443C286975CF00AEBCD1 /* Assets.xcassets in Resources */ = {isa = PBXBuildFile; fileRef = 85AC443B286975CF00AEBCD1 /* Assets.xcassets */; };
		85AC443F286975CF00AEBCD1 /* Preview Assets.xcassets in Resources */ = {isa = PBXBuildFile; fileRef = 85AC443E286975CF00AEBCD1 /* Preview Assets.xcassets */; };
		85AC4449286975CF00AEBCD1 /* DiceRollTests.swift in Sources */ = {isa = PBXBuildFile; fileRef = 85AC4448286975CF00AEBCD1 /* DiceRollTests.swift */; };
		85AC4453286975CF00AEBCD1 /* DiceRollUITests.swift in Sources */ = {isa = PBXBuildFile; fileRef = 85AC4452286975CF00AEBCD1 /* DiceRollUITests.swift */; };
		85AC4455286975CF00AEBCD1 /* DiceRollUITestsLaunchTests.swift in Sources */ = {isa = PBXBuildFile; fileRef = 85AC4454286975CF00AEBCD1 /* DiceRollUITestsLaunchTests.swift */; };
		85AC446528697DED00AEBCD1 /* .gitignore in Resources */ = {isa = PBXBuildFile; fileRef = 85AC446428697DED00AEBCD1 /* .gitignore */; };
		85B2AFA0287D1DA9005801C1 /* SettingsView.swift in Sources */ = {isa = PBXBuildFile; fileRef = 85B2AF9F287D1DA9005801C1 /* SettingsView.swift */; };
		85F75195287790D3006EA8C0 /* ShakeGestureManager.swift in Sources */ = {isa = PBXBuildFile; fileRef = 85F75194287790D3006EA8C0 /* ShakeGestureManager.swift */; };
/* End PBXBuildFile section */

/* Begin PBXContainerItemProxy section */
		85AC4445286975CF00AEBCD1 /* PBXContainerItemProxy */ = {
			isa = PBXContainerItemProxy;
			containerPortal = 85AC442C286975CD00AEBCD1 /* Project object */;
			proxyType = 1;
			remoteGlobalIDString = 85AC4433286975CD00AEBCD1;
			remoteInfo = DiceRoll;
		};
		85AC444F286975CF00AEBCD1 /* PBXContainerItemProxy */ = {
			isa = PBXContainerItemProxy;
			containerPortal = 85AC442C286975CD00AEBCD1 /* Project object */;
			proxyType = 1;
			remoteGlobalIDString = 85AC4433286975CD00AEBCD1;
			remoteInfo = DiceRoll;
		};
/* End PBXContainerItemProxy section */

/* Begin PBXFileReference section */
		853E2FC8287E6CF2009B37F7 /* UtilityExtensions.swift */ = {isa = PBXFileReference; lastKnownFileType = sourcecode.swift; path = UtilityExtensions.swift; sourceTree = "<group>"; };
		85AC4434286975CD00AEBCD1 /* DiceRoll.app */ = {isa = PBXFileReference; explicitFileType = wrapper.application; includeInIndex = 0; path = DiceRoll.app; sourceTree = BUILT_PRODUCTS_DIR; };
		85AC4437286975CD00AEBCD1 /* DiceRollApp.swift */ = {isa = PBXFileReference; lastKnownFileType = sourcecode.swift; path = DiceRollApp.swift; sourceTree = "<group>"; };
		85AC4439286975CD00AEBCD1 /* ContentView.swift */ = {isa = PBXFileReference; lastKnownFileType = sourcecode.swift; path = ContentView.swift; sourceTree = "<group>"; };
		85AC443B286975CF00AEBCD1 /* Assets.xcassets */ = {isa = PBXFileReference; lastKnownFileType = folder.assetcatalog; path = Assets.xcassets; sourceTree = "<group>"; };
		85AC443E286975CF00AEBCD1 /* Preview Assets.xcassets */ = {isa = PBXFileReference; lastKnownFileType = folder.assetcatalog; path = "Preview Assets.xcassets"; sourceTree = "<group>"; };
		85AC4444286975CF00AEBCD1 /* DiceRollTests.xctest */ = {isa = PBXFileReference; explicitFileType = wrapper.cfbundle; includeInIndex = 0; path = DiceRollTests.xctest; sourceTree = BUILT_PRODUCTS_DIR; };
		85AC4448286975CF00AEBCD1 /* DiceRollTests.swift */ = {isa = PBXFileReference; lastKnownFileType = sourcecode.swift; path = DiceRollTests.swift; sourceTree = "<group>"; };
		85AC444E286975CF00AEBCD1 /* DiceRollUITests.xctest */ = {isa = PBXFileReference; explicitFileType = wrapper.cfbundle; includeInIndex = 0; path = DiceRollUITests.xctest; sourceTree = BUILT_PRODUCTS_DIR; };
		85AC4452286975CF00AEBCD1 /* DiceRollUITests.swift */ = {isa = PBXFileReference; lastKnownFileType = sourcecode.swift; path = DiceRollUITests.swift; sourceTree = "<group>"; };
		85AC4454286975CF00AEBCD1 /* DiceRollUITestsLaunchTests.swift */ = {isa = PBXFileReference; lastKnownFileType = sourcecode.swift; path = DiceRollUITestsLaunchTests.swift; sourceTree = "<group>"; };
		85AC446228697A0A00AEBCD1 /* README.md */ = {isa = PBXFileReference; lastKnownFileType = net.daringfireball.markdown; path = README.md; sourceTree = "<group>"; };
		85AC446328697A3200AEBCD1 /* References.md */ = {isa = PBXFileReference; lastKnownFileType = net.daringfireball.markdown; path = References.md; sourceTree = "<group>"; };
		85AC446428697DED00AEBCD1 /* .gitignore */ = {isa = PBXFileReference; fileEncoding = 4; lastKnownFileType = text; path = .gitignore; sourceTree = "<group>"; };
		85B2AF9F287D1DA9005801C1 /* SettingsView.swift */ = {isa = PBXFileReference; lastKnownFileType = sourcecode.swift; path = SettingsView.swift; sourceTree = "<group>"; };
		85F75194287790D3006EA8C0 /* ShakeGestureManager.swift */ = {isa = PBXFileReference; lastKnownFileType = sourcecode.swift; path = ShakeGestureManager.swift; sourceTree = "<group>"; };
/* End PBXFileReference section */

/* Begin PBXFrameworksBuildPhase section */
		85AC4431286975CD00AEBCD1 /* Frameworks */ = {
			isa = PBXFrameworksBuildPhase;
			buildActionMask = 2147483647;
			files = (
			);
			runOnlyForDeploymentPostprocessing = 0;
		};
		85AC4441286975CF00AEBCD1 /* Frameworks */ = {
			isa = PBXFrameworksBuildPhase;
			buildActionMask = 2147483647;
			files = (
			);
			runOnlyForDeploymentPostprocessing = 0;
		};
		85AC444B286975CF00AEBCD1 /* Frameworks */ = {
			isa = PBXFrameworksBuildPhase;
			buildActionMask = 2147483647;
			files = (
			);
			runOnlyForDeploymentPostprocessing = 0;
		};
/* End PBXFrameworksBuildPhase section */

/* Begin PBXGroup section */
		85AC442B286975CD00AEBCD1 = {
			isa = PBXGroup;
			children = (
				85AC446428697DED00AEBCD1 /* .gitignore */,
				85AC4461286979E100AEBCD1 /* DiceRollDocs */,
				85AC4436286975CD00AEBCD1 /* DiceRoll */,
				85AC4447286975CF00AEBCD1 /* DiceRollTests */,
				85AC4451286975CF00AEBCD1 /* DiceRollUITests */,
				85AC4435286975CD00AEBCD1 /* Products */,
			);
			sourceTree = "<group>";
		};
		85AC4435286975CD00AEBCD1 /* Products */ = {
			isa = PBXGroup;
			children = (
				85AC4434286975CD00AEBCD1 /* DiceRoll.app */,
				85AC4444286975CF00AEBCD1 /* DiceRollTests.xctest */,
				85AC444E286975CF00AEBCD1 /* DiceRollUITests.xctest */,
			);
			name = Products;
			sourceTree = "<group>";
		};
		85AC4436286975CD00AEBCD1 /* DiceRoll */ = {
			isa = PBXGroup;
			children = (
				85AC4437286975CD00AEBCD1 /* DiceRollApp.swift */,
				85AC4439286975CD00AEBCD1 /* ContentView.swift */,
				85F75194287790D3006EA8C0 /* ShakeGestureManager.swift */,
				85AC443B286975CF00AEBCD1 /* Assets.xcassets */,
				85AC443D286975CF00AEBCD1 /* Preview Content */,
				85B2AF9F287D1DA9005801C1 /* SettingsView.swift */,
				853E2FC8287E6CF2009B37F7 /* UtilityExtensions.swift */,
			);
			path = DiceRoll;
			sourceTree = "<group>";
		};
		85AC443D286975CF00AEBCD1 /* Preview Content */ = {
			isa = PBXGroup;
			children = (
				85AC443E286975CF00AEBCD1 /* Preview Assets.xcassets */,
			);
			path = "Preview Content";
			sourceTree = "<group>";
		};
		85AC4447286975CF00AEBCD1 /* DiceRollTests */ = {
			isa = PBXGroup;
			children = (
				85AC4448286975CF00AEBCD1 /* DiceRollTests.swift */,
			);
			path = DiceRollTests;
			sourceTree = "<group>";
		};
		85AC4451286975CF00AEBCD1 /* DiceRollUITests */ = {
			isa = PBXGroup;
			children = (
				85AC4452286975CF00AEBCD1 /* DiceRollUITests.swift */,
				85AC4454286975CF00AEBCD1 /* DiceRollUITestsLaunchTests.swift */,
			);
			path = DiceRollUITests;
			sourceTree = "<group>";
		};
		85AC4461286979E100AEBCD1 /* DiceRollDocs */ = {
			isa = PBXGroup;
			children = (
				85AC446228697A0A00AEBCD1 /* README.md */,
				85AC446328697A3200AEBCD1 /* References.md */,
			);
			name = DiceRollDocs;
			sourceTree = "<group>";
		};
/* End PBXGroup section */

/* Begin PBXNativeTarget section */
		85AC4433286975CD00AEBCD1 /* DiceRoll */ = {
			isa = PBXNativeTarget;
			buildConfigurationList = 85AC4458286975CF00AEBCD1 /* Build configuration list for PBXNativeTarget "DiceRoll" */;
			buildPhases = (
				85AC4430286975CD00AEBCD1 /* Sources */,
				85AC4431286975CD00AEBCD1 /* Frameworks */,
				85AC4432286975CD00AEBCD1 /* Resources */,
			);
			buildRules = (
			);
			dependencies = (
			);
			name = DiceRoll;
			productName = DiceRoll;
			productReference = 85AC4434286975CD00AEBCD1 /* DiceRoll.app */;
			productType = "com.apple.product-type.application";
		};
		85AC4443286975CF00AEBCD1 /* DiceRollTests */ = {
			isa = PBXNativeTarget;
			buildConfigurationList = 85AC445B286975CF00AEBCD1 /* Build configuration list for PBXNativeTarget "DiceRollTests" */;
			buildPhases = (
				85AC4440286975CF00AEBCD1 /* Sources */,
				85AC4441286975CF00AEBCD1 /* Frameworks */,
				85AC4442286975CF00AEBCD1 /* Resources */,
			);
			buildRules = (
			);
			dependencies = (
				85AC4446286975CF00AEBCD1 /* PBXTargetDependency */,
			);
			name = DiceRollTests;
			productName = DiceRollTests;
			productReference = 85AC4444286975CF00AEBCD1 /* DiceRollTests.xctest */;
			productType = "com.apple.product-type.bundle.unit-test";
		};
		85AC444D286975CF00AEBCD1 /* DiceRollUITests */ = {
			isa = PBXNativeTarget;
			buildConfigurationList = 85AC445E286975CF00AEBCD1 /* Build configuration list for PBXNativeTarget "DiceRollUITests" */;
			buildPhases = (
				85AC444A286975CF00AEBCD1 /* Sources */,
				85AC444B286975CF00AEBCD1 /* Frameworks */,
				85AC444C286975CF00AEBCD1 /* Resources */,
			);
			buildRules = (
			);
			dependencies = (
				85AC4450286975CF00AEBCD1 /* PBXTargetDependency */,
			);
			name = DiceRollUITests;
			productName = DiceRollUITests;
			productReference = 85AC444E286975CF00AEBCD1 /* DiceRollUITests.xctest */;
			productType = "com.apple.product-type.bundle.ui-testing";
		};
/* End PBXNativeTarget section */

/* Begin PBXProject section */
		85AC442C286975CD00AEBCD1 /* Project object */ = {
			isa = PBXProject;
			attributes = {
				BuildIndependentTargetsInParallel = 1;
				LastSwiftUpdateCheck = 1340;
				LastUpgradeCheck = 1340;
				ORGANIZATIONNAME = "Happy Pisces";
				TargetAttributes = {
					85AC4433286975CD00AEBCD1 = {
						CreatedOnToolsVersion = 13.4.1;
					};
					85AC4443286975CF00AEBCD1 = {
						CreatedOnToolsVersion = 13.4.1;
						TestTargetID = 85AC4433286975CD00AEBCD1;
					};
					85AC444D286975CF00AEBCD1 = {
						CreatedOnToolsVersion = 13.4.1;
						TestTargetID = 85AC4433286975CD00AEBCD1;
					};
				};
			};
			buildConfigurationList = 85AC442F286975CD00AEBCD1 /* Build configuration list for PBXProject "DiceRoll" */;
			compatibilityVersion = "Xcode 13.0";
			developmentRegion = en;
			hasScannedForEncodings = 0;
			knownRegions = (
				en,
				Base,
			);
			mainGroup = 85AC442B286975CD00AEBCD1;
			productRefGroup = 85AC4435286975CD00AEBCD1 /* Products */;
			projectDirPath = "";
			projectRoot = "";
			targets = (
				85AC4433286975CD00AEBCD1 /* DiceRoll */,
				85AC4443286975CF00AEBCD1 /* DiceRollTests */,
				85AC444D286975CF00AEBCD1 /* DiceRollUITests */,
			);
		};
/* End PBXProject section */

/* Begin PBXResourcesBuildPhase section */
		85AC4432286975CD00AEBCD1 /* Resources */ = {
			isa = PBXResourcesBuildPhase;
			buildActionMask = 2147483647;
			files = (
				85AC443F286975CF00AEBCD1 /* Preview Assets.xcassets in Resources */,
				85AC446528697DED00AEBCD1 /* .gitignore in Resources */,
				85AC443C286975CF00AEBCD1 /* Assets.xcassets in Resources */,
			);
			runOnlyForDeploymentPostprocessing = 0;
		};
		85AC4442286975CF00AEBCD1 /* Resources */ = {
			isa = PBXResourcesBuildPhase;
			buildActionMask = 2147483647;
			files = (
			);
			runOnlyForDeploymentPostprocessing = 0;
		};
		85AC444C286975CF00AEBCD1 /* Resources */ = {
			isa = PBXResourcesBuildPhase;
			buildActionMask = 2147483647;
			files = (
			);
			runOnlyForDeploymentPostprocessing = 0;
		};
/* End PBXResourcesBuildPhase section */

/* Begin PBXSourcesBuildPhase section */
		85AC4430286975CD00AEBCD1 /* Sources */ = {
			isa = PBXSourcesBuildPhase;
			buildActionMask = 2147483647;
			files = (
				85AC443A286975CD00AEBCD1 /* ContentView.swift in Sources */,
				85B2AFA0287D1DA9005801C1 /* SettingsView.swift in Sources */,
				85AC4438286975CD00AEBCD1 /* DiceRollApp.swift in Sources */,
				853E2FC9287E6CF2009B37F7 /* UtilityExtensions.swift in Sources */,
				85F75195287790D3006EA8C0 /* ShakeGestureManager.swift in Sources */,
			);
			runOnlyForDeploymentPostprocessing = 0;
		};
		85AC4440286975CF00AEBCD1 /* Sources */ = {
			isa = PBXSourcesBuildPhase;
			buildActionMask = 2147483647;
			files = (
				85AC4449286975CF00AEBCD1 /* DiceRollTests.swift in Sources */,
			);
			runOnlyForDeploymentPostprocessing = 0;
		};
		85AC444A286975CF00AEBCD1 /* Sources */ = {
			isa = PBXSourcesBuildPhase;
			buildActionMask = 2147483647;
			files = (
				85AC4455286975CF00AEBCD1 /* DiceRollUITestsLaunchTests.swift in Sources */,
				85AC4453286975CF00AEBCD1 /* DiceRollUITests.swift in Sources */,
			);
			runOnlyForDeploymentPostprocessing = 0;
		};
/* End PBXSourcesBuildPhase section */

/* Begin PBXTargetDependency section */
		85AC4446286975CF00AEBCD1 /* PBXTargetDependency */ = {
			isa = PBXTargetDependency;
			target = 85AC4433286975CD00AEBCD1 /* DiceRoll */;
			targetProxy = 85AC4445286975CF00AEBCD1 /* PBXContainerItemProxy */;
		};
		85AC4450286975CF00AEBCD1 /* PBXTargetDependency */ = {
			isa = PBXTargetDependency;
			target = 85AC4433286975CD00AEBCD1 /* DiceRoll */;
			targetProxy = 85AC444F286975CF00AEBCD1 /* PBXContainerItemProxy */;
		};
/* End PBXTargetDependency section */

/* Begin XCBuildConfiguration section */
		85AC4456286975CF00AEBCD1 /* Debug */ = {
			isa = XCBuildConfiguration;
			buildSettings = {
				ALWAYS_SEARCH_USER_PATHS = NO;
				CLANG_ANALYZER_NONNULL = YES;
				CLANG_ANALYZER_NUMBER_OBJECT_CONVERSION = YES_AGGRESSIVE;
				CLANG_CXX_LANGUAGE_STANDARD = "gnu++17";
				CLANG_ENABLE_MODULES = YES;
				CLANG_ENABLE_OBJC_ARC = YES;
				CLANG_ENABLE_OBJC_WEAK = YES;
				CLANG_WARN_BLOCK_CAPTURE_AUTORELEASING = YES;
				CLANG_WARN_BOOL_CONVERSION = YES;
				CLANG_WARN_COMMA = YES;
				CLANG_WARN_CONSTANT_CONVERSION = YES;
				CLANG_WARN_DEPRECATED_OBJC_IMPLEMENTATIONS = YES;
				CLANG_WARN_DIRECT_OBJC_ISA_USAGE = YES_ERROR;
				CLANG_WARN_DOCUMENTATION_COMMENTS = YES;
				CLANG_WARN_EMPTY_BODY = YES;
				CLANG_WARN_ENUM_CONVERSION = YES;
				CLANG_WARN_INFINITE_RECURSION = YES;
				CLANG_WARN_INT_CONVERSION = YES;
				CLANG_WARN_NON_LITERAL_NULL_CONVERSION = YES;
				CLANG_WARN_OBJC_IMPLICIT_RETAIN_SELF = YES;
				CLANG_WARN_OBJC_LITERAL_CONVERSION = YES;
				CLANG_WARN_OBJC_ROOT_CLASS = YES_ERROR;
				CLANG_WARN_QUOTED_INCLUDE_IN_FRAMEWORK_HEADER = YES;
				CLANG_WARN_RANGE_LOOP_ANALYSIS = YES;
				CLANG_WARN_STRICT_PROTOTYPES = YES;
				CLANG_WARN_SUSPICIOUS_MOVE = YES;
				CLANG_WARN_UNGUARDED_AVAILABILITY = YES_AGGRESSIVE;
				CLANG_WARN_UNREACHABLE_CODE = YES;
				CLANG_WARN__DUPLICATE_METHOD_MATCH = YES;
				COPY_PHASE_STRIP = NO;
				DEBUG_INFORMATION_FORMAT = dwarf;
				ENABLE_STRICT_OBJC_MSGSEND = YES;
				ENABLE_TESTABILITY = YES;
				GCC_C_LANGUAGE_STANDARD = gnu11;
				GCC_DYNAMIC_NO_PIC = NO;
				GCC_NO_COMMON_BLOCKS = YES;
				GCC_OPTIMIZATION_LEVEL = 0;
				GCC_PREPROCESSOR_DEFINITIONS = (
					"DEBUG=1",
					"$(inherited)",
				);
				GCC_WARN_64_TO_32_BIT_CONVERSION = YES;
				GCC_WARN_ABOUT_RETURN_TYPE = YES_ERROR;
				GCC_WARN_UNDECLARED_SELECTOR = YES;
				GCC_WARN_UNINITIALIZED_AUTOS = YES_AGGRESSIVE;
				GCC_WARN_UNUSED_FUNCTION = YES;
				GCC_WARN_UNUSED_VARIABLE = YES;
				IPHONEOS_DEPLOYMENT_TARGET = 15.5;
				MTL_ENABLE_DEBUG_INFO = INCLUDE_SOURCE;
				MTL_FAST_MATH = YES;
				ONLY_ACTIVE_ARCH = YES;
				SDKROOT = iphoneos;
				SWIFT_ACTIVE_COMPILATION_CONDITIONS = DEBUG;
				SWIFT_OPTIMIZATION_LEVEL = "-Onone";
			};
			name = Debug;
		};
		85AC4457286975CF00AEBCD1 /* Release */ = {
			isa = XCBuildConfiguration;
			buildSettings = {
				ALWAYS_SEARCH_USER_PATHS = NO;
				CLANG_ANALYZER_NONNULL = YES;
				CLANG_ANALYZER_NUMBER_OBJECT_CONVERSION = YES_AGGRESSIVE;
				CLANG_CXX_LANGUAGE_STANDARD = "gnu++17";
				CLANG_ENABLE_MODULES = YES;
				CLANG_ENABLE_OBJC_ARC = YES;
				CLANG_ENABLE_OBJC_WEAK = YES;
				CLANG_WARN_BLOCK_CAPTURE_AUTORELEASING = YES;
				CLANG_WARN_BOOL_CONVERSION = YES;
				CLANG_WARN_COMMA = YES;
				CLANG_WARN_CONSTANT_CONVERSION = YES;
				CLANG_WARN_DEPRECATED_OBJC_IMPLEMENTATIONS = YES;
				CLANG_WARN_DIRECT_OBJC_ISA_USAGE = YES_ERROR;
				CLANG_WARN_DOCUMENTATION_COMMENTS = YES;
				CLANG_WARN_EMPTY_BODY = YES;
				CLANG_WARN_ENUM_CONVERSION = YES;
				CLANG_WARN_INFINITE_RECURSION = YES;
				CLANG_WARN_INT_CONVERSION = YES;
				CLANG_WARN_NON_LITERAL_NULL_CONVERSION = YES;
				CLANG_WARN_OBJC_IMPLICIT_RETAIN_SELF = YES;
				CLANG_WARN_OBJC_LITERAL_CONVERSION = YES;
				CLANG_WARN_OBJC_ROOT_CLASS = YES_ERROR;
				CLANG_WARN_QUOTED_INCLUDE_IN_FRAMEWORK_HEADER = YES;
				CLANG_WARN_RANGE_LOOP_ANALYSIS = YES;
				CLANG_WARN_STRICT_PROTOTYPES = YES;
				CLANG_WARN_SUSPICIOUS_MOVE = YES;
				CLANG_WARN_UNGUARDED_AVAILABILITY = YES_AGGRESSIVE;
				CLANG_WARN_UNREACHABLE_CODE = YES;
				CLANG_WARN__DUPLICATE_METHOD_MATCH = YES;
				COPY_PHASE_STRIP = NO;
				DEBUG_INFORMATION_FORMAT = "dwarf-with-dsym";
				ENABLE_NS_ASSERTIONS = NO;
				ENABLE_STRICT_OBJC_MSGSEND = YES;
				GCC_C_LANGUAGE_STANDARD = gnu11;
				GCC_NO_COMMON_BLOCKS = YES;
				GCC_WARN_64_TO_32_BIT_CONVERSION = YES;
				GCC_WARN_ABOUT_RETURN_TYPE = YES_ERROR;
				GCC_WARN_UNDECLARED_SELECTOR = YES;
				GCC_WARN_UNINITIALIZED_AUTOS = YES_AGGRESSIVE;
				GCC_WARN_UNUSED_FUNCTION = YES;
				GCC_WARN_UNUSED_VARIABLE = YES;
				IPHONEOS_DEPLOYMENT_TARGET = 15.5;
				MTL_ENABLE_DEBUG_INFO = NO;
				MTL_FAST_MATH = YES;
				SDKROOT = iphoneos;
				SWIFT_COMPILATION_MODE = wholemodule;
				SWIFT_OPTIMIZATION_LEVEL = "-O";
				VALIDATE_PRODUCT = YES;
			};
			name = Release;
		};
		85AC4459286975CF00AEBCD1 /* Debug */ = {
			isa = XCBuildConfiguration;
			buildSettings = {
				ASSETCATALOG_COMPILER_APPICON_NAME = AppIcon;
				ASSETCATALOG_COMPILER_GLOBAL_ACCENT_COLOR_NAME = AccentColor;
				CODE_SIGN_STYLE = Automatic;
				CURRENT_PROJECT_VERSION = 1;
				DEVELOPMENT_ASSET_PATHS = "\"DiceRoll/Preview Content\"";
				DEVELOPMENT_TEAM = DL4M5B636N;
				ENABLE_PREVIEWS = YES;
				GENERATE_INFOPLIST_FILE = YES;
				INFOPLIST_KEY_UIApplicationSceneManifest_Generation = YES;
				INFOPLIST_KEY_UIApplicationSupportsIndirectInputEvents = YES;
				INFOPLIST_KEY_UILaunchScreen_Generation = YES;
				INFOPLIST_KEY_UISupportedInterfaceOrientations_iPad = "UIInterfaceOrientationPortrait UIInterfaceOrientationPortraitUpsideDown UIInterfaceOrientationLandscapeLeft UIInterfaceOrientationLandscapeRight";
				INFOPLIST_KEY_UISupportedInterfaceOrientations_iPhone = "UIInterfaceOrientationPortrait UIInterfaceOrientationLandscapeLeft UIInterfaceOrientationLandscapeRight";
				LD_RUNPATH_SEARCH_PATHS = (
					"$(inherited)",
					"@executable_path/Frameworks",
				);
				MARKETING_VERSION = 1.0;
				PRODUCT_BUNDLE_IDENTIFIER = com.happypisces.DiceRoll;
				PRODUCT_NAME = "$(TARGET_NAME)";
				SWIFT_EMIT_LOC_STRINGS = YES;
				SWIFT_VERSION = 5.0;
				TARGETED_DEVICE_FAMILY = 1;
			};
			name = Debug;
		};
		85AC445A286975CF00AEBCD1 /* Release */ = {
			isa = XCBuildConfiguration;
			buildSettings = {
				ASSETCATALOG_COMPILER_APPICON_NAME = AppIcon;
				ASSETCATALOG_COMPILER_GLOBAL_ACCENT_COLOR_NAME = AccentColor;
				CODE_SIGN_STYLE = Automatic;
				CURRENT_PROJECT_VERSION = 1;
				DEVELOPMENT_ASSET_PATHS = "\"DiceRoll/Preview Content\"";
				DEVELOPMENT_TEAM = DL4M5B636N;
				ENABLE_PREVIEWS = YES;
				GENERATE_INFOPLIST_FILE = YES;
				INFOPLIST_KEY_UIApplicationSceneManifest_Generation = YES;
				INFOPLIST_KEY_UIApplicationSupportsIndirectInputEvents = YES;
				INFOPLIST_KEY_UILaunchScreen_Generation = YES;
				INFOPLIST_KEY_UISupportedInterfaceOrientations_iPad = "UIInterfaceOrientationPortrait UIInterfaceOrientationPortraitUpsideDown UIInterfaceOrientationLandscapeLeft UIInterfaceOrientationLandscapeRight";
				INFOPLIST_KEY_UISupportedInterfaceOrientations_iPhone = "UIInterfaceOrientationPortrait UIInterfaceOrientationLandscapeLeft UIInterfaceOrientationLandscapeRight";
				LD_RUNPATH_SEARCH_PATHS = (
					"$(inherited)",
					"@executable_path/Frameworks",
				);
				MARKETING_VERSION = 1.0;
				PRODUCT_BUNDLE_IDENTIFIER = com.happypisces.DiceRoll;
				PRODUCT_NAME = "$(TARGET_NAME)";
				SWIFT_EMIT_LOC_STRINGS = YES;
				SWIFT_VERSION = 5.0;
				TARGETED_DEVICE_FAMILY = 1;
			};
			name = Release;
		};
		85AC445C286975CF00AEBCD1 /* Debug */ = {
			isa = XCBuildConfiguration;
			buildSettings = {
				ALWAYS_EMBED_SWIFT_STANDARD_LIBRARIES = YES;
				BUNDLE_LOADER = "$(TEST_HOST)";
				CODE_SIGN_STYLE = Automatic;
				CURRENT_PROJECT_VERSION = 1;
				GENERATE_INFOPLIST_FILE = YES;
				IPHONEOS_DEPLOYMENT_TARGET = 15.5;
				MARKETING_VERSION = 1.0;
				PRODUCT_BUNDLE_IDENTIFIER = com.happypisces.DiceRollTests;
				PRODUCT_NAME = "$(TARGET_NAME)";
				SWIFT_EMIT_LOC_STRINGS = NO;
				SWIFT_VERSION = 5.0;
				TARGETED_DEVICE_FAMILY = "1,2";
				TEST_HOST = "$(BUILT_PRODUCTS_DIR)/DiceRoll.app/DiceRoll";
			};
			name = Debug;
		};
		85AC445D286975CF00AEBCD1 /* Release */ = {
			isa = XCBuildConfiguration;
			buildSettings = {
				ALWAYS_EMBED_SWIFT_STANDARD_LIBRARIES = YES;
				BUNDLE_LOADER = "$(TEST_HOST)";
				CODE_SIGN_STYLE = Automatic;
				CURRENT_PROJECT_VERSION = 1;
				GENERATE_INFOPLIST_FILE = YES;
				IPHONEOS_DEPLOYMENT_TARGET = 15.5;
				MARKETING_VERSION = 1.0;
				PRODUCT_BUNDLE_IDENTIFIER = com.happypisces.DiceRollTests;
				PRODUCT_NAME = "$(TARGET_NAME)";
				SWIFT_EMIT_LOC_STRINGS = NO;
				SWIFT_VERSION = 5.0;
				TARGETED_DEVICE_FAMILY = "1,2";
				TEST_HOST = "$(BUILT_PRODUCTS_DIR)/DiceRoll.app/DiceRoll";
			};
			name = Release;
		};
		85AC445F286975CF00AEBCD1 /* Debug */ = {
			isa = XCBuildConfiguration;
			buildSettings = {
				ALWAYS_EMBED_SWIFT_STANDARD_LIBRARIES = YES;
				CODE_SIGN_STYLE = Automatic;
				CURRENT_PROJECT_VERSION = 1;
				GENERATE_INFOPLIST_FILE = YES;
				MARKETING_VERSION = 1.0;
				PRODUCT_BUNDLE_IDENTIFIER = com.happypisces.DiceRollUITests;
				PRODUCT_NAME = "$(TARGET_NAME)";
				SWIFT_EMIT_LOC_STRINGS = NO;
				SWIFT_VERSION = 5.0;
				TARGETED_DEVICE_FAMILY = "1,2";
				TEST_TARGET_NAME = DiceRoll;
			};
			name = Debug;
		};
		85AC4460286975CF00AEBCD1 /* Release */ = {
			isa = XCBuildConfiguration;
			buildSettings = {
				ALWAYS_EMBED_SWIFT_STANDARD_LIBRARIES = YES;
				CODE_SIGN_STYLE = Automatic;
				CURRENT_PROJECT_VERSION = 1;
				GENERATE_INFOPLIST_FILE = YES;
				MARKETING_VERSION = 1.0;
				PRODUCT_BUNDLE_IDENTIFIER = com.happypisces.DiceRollUITests;
				PRODUCT_NAME = "$(TARGET_NAME)";
				SWIFT_EMIT_LOC_STRINGS = NO;
				SWIFT_VERSION = 5.0;
				TARGETED_DEVICE_FAMILY = "1,2";
				TEST_TARGET_NAME = DiceRoll;
			};
			name = Release;
		};
/* End XCBuildConfiguration section */

/* Begin XCConfigurationList section */
		85AC442F286975CD00AEBCD1 /* Build configuration list for PBXProject "DiceRoll" */ = {
			isa = XCConfigurationList;
			buildConfigurations = (
				85AC4456286975CF00AEBCD1 /* Debug */,
				85AC4457286975CF00AEBCD1 /* Release */,
			);
			defaultConfigurationIsVisible = 0;
			defaultConfigurationName = Release;
		};
		85AC4458286975CF00AEBCD1 /* Build configuration list for PBXNativeTarget "DiceRoll" */ = {
			isa = XCConfigurationList;
			buildConfigurations = (
				85AC4459286975CF00AEBCD1 /* Debug */,
				85AC445A286975CF00AEBCD1 /* Release */,
			);
			defaultConfigurationIsVisible = 0;
			defaultConfigurationName = Release;
		};
		85AC445B286975CF00AEBCD1 /* Build configuration list for PBXNativeTarget "DiceRollTests" */ = {
			isa = XCConfigurationList;
			buildConfigurations = (
				85AC445C286975CF00AEBCD1 /* Debug */,
				85AC445D286975CF00AEBCD1 /* Release */,
			);
			defaultConfigurationIsVisible = 0;
			defaultConfigurationName = Release;
		};
		85AC445E286975CF00AEBCD1 /* Build configuration list for PBXNativeTarget "DiceRollUITests" */ = {
			isa = XCConfigurationList;
			buildConfigurations = (
				85AC445F286975CF00AEBCD1 /* Debug */,
				85AC4460286975CF00AEBCD1 /* Release */,
			);
			defaultConfigurationIsVisible = 0;
			defaultConfigurationName = Release;
		};
/* End XCConfigurationList section */
	};
	rootObject = 85AC442C286975CD00AEBCD1 /* Project object */;
}
